github.com/antonini/golibjpegturbo v0.0.0-20141208033414-c03a2fa1e89a h1:+Q4qlzO9KeavJSvWgRKckT3ViTSQ8rR6GroSiXPRXhs=
github.com/antonini/golibjpegturbo v0.0.0-20141208033414-c03a2fa1e89a/go.mod h1:UOX4aiVZ5WVUBY3D/31H4m6Z8UHgBj5Qr/oldRBBUMY=
github.com/hybridgroup/mjpeg v0.0.0-20140228234708-4680f319790e/go.mod h1:eagM805MRKrioHYuU7iKLUyFPVKqVV6um5DAvCkUtXs=
github.com/korandiz/v4l v1.0.4 h1:A2f617fovAIq3Cx3M5mihk0iSOTVaNqPzBBw573Zqig=
github.com/korandiz/v4l v1.0.4/go.mod h1:pftxPG7hkuUgepioAY6PAE81mShaVjzd95X/WF4Izus=
github.com/libgoost/encoding-base64 v0.0.0-20190928151742-cd6f75493c10 h1:tEXJrCQoOrUR+GBoG/p/s/VQQs67/k0woUvRAFyA2WQ=
github.com/libgoost/encoding-base64 v0.0.0-20190928151742-cd6f75493c10/go.mod h1:qd86T2H54aUVibNb0jIGzYdSktja3wsLqMKJI4UBquI=
github.com/pascaldekloe/goe v0.1.0/go.mod h1:lzWF7FIEvWOWxwDKqyGYQf6ZUaNfKdP144TG7ZOy1lc=
gocv.io/x/gocv v0.28.0 h1:hweRS9Js60YEZPZzjhU5I+0E2ngazquLlO78zwnrFvY=
gocv.io/x/gocv v0.28.0/go.mod h1:oc6FvfYqfBp99p+yOEzs9tbYF9gOrAQSeL/dyIPefJU=
golang.org/x/sys v0.0.0-20201107080550-4d91cf3a1aaf h1:kt3wY1Lu5MJAnKTfoMR52Cu4gwvna4VTzNOiT8tY73s=
golang.org/x/sys v0.0.0-20201107080550-4d91cf3a1aaf/go.mod h1:h1NjWce9XRLGQEsW7wpKNCjG9DtNlClVuFLEZdDNbEs=
